
Microsoft Visual Studio Solution File, Format Version 12.00
# Visual Studio Version 16
VisualStudioVersion = 16.0.31613.86
MinimumVisualStudioVersion = 15.0.26124.0
Project("{9A19103F-16F7-4668-BE54-9A1E7A4F7556}") = "IdentityServer", "src\IdentityServer\IdentityServer.csproj", "{BD7C8ACB-C8AA-457A-928F-B70165171F29}"
EndProject
Global
	GlobalSection(SolutionConfigurationPlatforms) = preSolution
		Debug|Any CPU = Debug|Any CPU
		Release|Any CPU = Release|Any CPU
	EndGlobalSection
	GlobalSection(ProjectConfigurationPlatforms) = postSolution
		{BD7C8ACB-C8AA-457A-928F-B70165171F29}.Debug|Any CPU.ActiveCfg = Debug|Any CPU
		{BD7C8ACB-C8AA-457A-928F-B70165171F29}.Debug|Any CPU.Build.0 = Debug|Any CPU
		{BD7C8ACB-C8AA-457A-928F-B70165171F29}.Release|Any CPU.ActiveCfg = Release|Any CPU
		{BD7C8ACB-C8AA-457A-928F-B70165171F29}.Release|Any CPU.Build.0 = Release|Any CPU
	EndGlobalSection
	GlobalSection(SolutionProperties) = preSolution
		HideSolutionNode = FALSE
	EndGlobalSection
	GlobalSection(ExtensibilityGlobals) = postSolution
		SolutionGuid = {0B34711E-FA67-44FB-B41A-03E8A1870814}
	EndGlobalSection
EndGlobal
